
Microsoft Visual Studio Solution File, Format Version 12.00
# Visual Studio 15
VisualStudioVersion = 15.0.28010.2016
MinimumVisualStudioVersion = 10.0.40219.1
Project("{FAE04EC0-301F-11D3-BF4B-00C04F79EFBC}") = "StudentCrud", "StudentCrud\StudentCrud.csproj", "{45E7764B-646D-490C-9CD4-3A9305651825}"
EndProject
Global
	GlobalSection(SolutionConfigurationPlatforms) = preSolution
		Debug|Any CPU = Debug|Any CPU
		Release|Any CPU = Release|Any CPU
	EndGlobalSection
	GlobalSection(ProjectConfigurationPlatforms) = postSolution
		{45E7764B-646D-490C-9CD4-3A9305651825}.Debug|Any CPU.ActiveCfg = Debug|Any CPU
		{45E7764B-646D-490C-9CD4-3A9305651825}.Debug|Any CPU.Build.0 = Debug|Any CPU
		{45E7764B-646D-490C-9CD4-3A9305651825}.Release|Any CPU.ActiveCfg = Release|Any CPU
		{45E7764B-646D-490C-9CD4-3A9305651825}.Release|Any CPU.Build.0 = Release|Any CPU
	EndGlobalSection
	GlobalSection(SolutionProperties) = preSolution
		HideSolutionNode = FALSE
	EndGlobalSection
	GlobalSection(ExtensibilityGlobals) = postSolution
		SolutionGuid = {266E326D-5E65-4BD1-B2EF-A1AD7E32DA5A}
	EndGlobalSection
EndGlobal
